
Microsoft Visual Studio Solution File, Format Version 12.00
# Visual Studio Version 17
VisualStudioVersion = 17.0.32112.339
MinimumVisualStudioVersion = 10.0.40219.1
Project("{FAE04EC0-301F-11D3-BF4B-00C04F79EFBC}") = "Interface", "Interface\Interface.csproj", "{AE596692-357E-40B6-8F3E-BF4911C390EE}"
EndProject
Global
	GlobalSection(SolutionConfigurationPlatforms) = preSolution
		Debug|Any CPU = Debug|Any CPU
		Release|Any CPU = Release|Any CPU
	EndGlobalSection
	GlobalSection(ProjectConfigurationPlatforms) = postSolution
		{AE596692-357E-40B6-8F3E-BF4911C390EE}.Debug|Any CPU.ActiveCfg = Debug|Any CPU
		{AE596692-357E-40B6-8F3E-BF4911C390EE}.Debug|Any CPU.Build.0 = Debug|Any CPU
		{AE596692-357E-40B6-8F3E-BF4911C390EE}.Release|Any CPU.ActiveCfg = Release|Any CPU
		{AE596692-357E-40B6-8F3E-BF4911C390EE}.Release|Any CPU.Build.0 = Release|Any CPU
	EndGlobalSection
	GlobalSection(SolutionProperties) = preSolution
		HideSolutionNode = FALSE
	EndGlobalSection
	GlobalSection(ExtensibilityGlobals) = postSolution
		SolutionGuid = {784A0796-0504-4D70-84BC-3A70A1E5C8ED}
	EndGlobalSection
EndGlobal
